
Microsoft Visual Studio Solution File, Format Version 12.00
# Visual Studio Version 16
VisualStudioVersion = 16.0.28407.52
MinimumVisualStudioVersion = 10.0.40219.1
Project("{FAE04EC0-301F-11D3-BF4B-00C04F79EFBC}") = "Pipeline.Windows", "Pipeline.Windows.csproj", "{65706950-696C-656E-2E57-696E646F7773}"
EndProject
Global
	GlobalSection(SolutionConfigurationPlatforms) = preSolution
		Debug|Any CPU = Debug|Any CPU
		Release|Any CPU = Release|Any CPU
	EndGlobalSection
	GlobalSection(ProjectConfigurationPlatforms) = postSolution
		{65706950-696C-656E-2E57-696E646F7773}.Debug|Any CPU.ActiveCfg = Debug|Any CPU
		{65706950-696C-656E-2E57-696E646F7773}.Debug|Any CPU.Build.0 = Debug|Any CPU
		{65706950-696C-656E-2E57-696E646F7773}.Release|Any CPU.ActiveCfg = Release|Any CPU
		{65706950-696C-656E-2E57-696E646F7773}.Release|Any CPU.Build.0 = Release|Any CPU
	EndGlobalSection
	GlobalSection(SolutionProperties) = preSolution
		HideSolutionNode = FALSE
	EndGlobalSection
	GlobalSection(ExtensibilityGlobals) = postSolution
		SolutionGuid = {03D7D4E5-BE81-4C52-927E-C5EC410056DF}
	EndGlobalSection
EndGlobal
